{
  "version": 4,
  "terraform_version": "1.6.3",
  "serial": 937,
  "lineage": "ac175129-22b1-a865-36de-89c66a73e645",
  "outputs": {
    "sg_hub_id": {
      "value": "sg-09633c9820a89e3d2",
      "type": "string"
    },
    "sg_spoke_id": {
      "value": "sg-0fd33be9acd09e30f",
      "type": "string"
    },
    "sig_management_subnet_id": {
      "value": "subnet-0cc6c6813fa060afa",
      "type": "string"
    },
    "sig_production_subnet_id": {
      "value": "subnet-08f404e9b3ab9a5fc",
      "type": "string"
    }
  },
  "resources": [
    {
      "mode": "data",
      "type": "aws_vpc",
      "name": "hub_vpc",
      "provider": "provider[\"registry.terraform.io/hashicorp/aws\"]",
      "instances": [
        {
          "schema_version": 0,
          "attributes": {
            "arn": "arn:aws:ec2:ap-south-1:447568380028:vpc/vpc-0e06b9cf919b3066c",
            "cidr_block": "172.17.42.0/24",
            "cidr_block_associations": [
              {
                "association_id": "vpc-cidr-assoc-025abb338e44f7083",
                "cidr_block": "172.17.42.0/24",
                "state": "associated"
              }
            ],
            "default": false,
            "dhcp_options_id": "dopt-09be6c31f24423402",
            "enable_dns_hostnames": false,
            "enable_dns_support": true,
            "enable_network_address_usage_metrics": false,
            "filter": null,
            "id": "vpc-0e06b9cf919b3066c",
            "instance_tenancy": "default",
            "ipv6_association_id": "",
            "ipv6_cidr_block": "",
            "main_route_table_id": "rtb-09d970f0ca939a63d",
            "owner_id": "447568380028",
            "state": null,
            "tags": {
              "Name": "SIG_hub"
            },
            "timeouts": null
          },
          "sensitive_attributes": []
        }
      ]
    },
    {
      "mode": "data",
      "type": "aws_vpc",
      "name": "spoke_vpc",
      "provider": "provider[\"registry.terraform.io/hashicorp/aws\"]",
      "instances": [
        {
          "schema_version": 0,
          "attributes": {
            "arn": "arn:aws:ec2:ap-south-1:447568380028:vpc/vpc-0617694a8fa9d7cbd",
            "cidr_block": "192.168.136.0/24",
            "cidr_block_associations": [
              {
                "association_id": "vpc-cidr-assoc-030c6aab5293cd3f0",
                "cidr_block": "192.168.136.0/24",
                "state": "associated"
              }
            ],
            "default": false,
            "dhcp_options_id": "dopt-09be6c31f24423402",
            "enable_dns_hostnames": false,
            "enable_dns_support": true,
            "enable_network_address_usage_metrics": false,
            "filter": null,
            "id": "vpc-0617694a8fa9d7cbd",
            "instance_tenancy": "default",
            "ipv6_association_id": "",
            "ipv6_cidr_block": "",
            "main_route_table_id": "rtb-012272bac5f147c2b",
            "owner_id": "447568380028",
            "state": null,
            "tags": {
              "Name": "SIG_spoke"
            },
            "timeouts": null
          },
          "sensitive_attributes": []
        }
      ]
    },
    {
      "mode": "managed",
      "type": "aws_ec2_client_vpn_authorization_rule",
      "name": "hub_subnet_authorization_rule",
      "provider": "provider[\"registry.terraform.io/hashicorp/aws\"]",
      "instances": [
        {
          "schema_version": 0,
          "attributes": {
            "access_group_id": "",
            "authorize_all_groups": true,
            "client_vpn_endpoint_id": "cvpn-endpoint-0618fb33c1374d7b2",
            "description": "",
            "id": "cvpn-endpoint-0618fb33c1374d7b2,172.17.42.0/27",
            "target_network_cidr": "172.17.42.0/27",
            "timeouts": null
          },
          "sensitive_attributes": [],
          "private": "eyJlMmJmYjczMC1lY2FhLTExZTYtOGY4OC0zNDM2M2JjN2M0YzAiOnsiY3JlYXRlIjo2MDAwMDAwMDAwMDAsImRlbGV0ZSI6NjAwMDAwMDAwMDAwfX0=",
          "dependencies": [
            "aws_ec2_client_vpn_endpoint.my_client_vpn",
            "aws_subnet.SIG_management_subnet",
            "aws_vpc.SIG_hub"
          ]
        }
      ]
    },
    {
      "mode": "managed",
      "type": "aws_ec2_client_vpn_authorization_rule",
      "name": "spoke_subnet_authorization_rule",
      "provider": "provider[\"registry.terraform.io/hashicorp/aws\"]",
      "instances": [
        {
          "schema_version": 0,
          "attributes": {
            "access_group_id": "",
            "authorize_all_groups": true,
            "client_vpn_endpoint_id": "cvpn-endpoint-0618fb33c1374d7b2",
            "description": "",
            "id": "cvpn-endpoint-0618fb33c1374d7b2,192.168.136.0/26",
            "target_network_cidr": "192.168.136.0/26",
            "timeouts": null
          },
          "sensitive_attributes": [],
          "private": "eyJlMmJmYjczMC1lY2FhLTExZTYtOGY4OC0zNDM2M2JjN2M0YzAiOnsiY3JlYXRlIjo2MDAwMDAwMDAwMDAsImRlbGV0ZSI6NjAwMDAwMDAwMDAwfX0=",
          "dependencies": [
            "aws_ec2_client_vpn_endpoint.my_client_vpn",
            "aws_subnet.SIG_production_subnet",
            "aws_vpc.SIG_hub",
            "aws_vpc.SIG_spoke"
          ]
        }
      ]
    },
    {
      "mode": "managed",
      "type": "aws_ec2_client_vpn_endpoint",
      "name": "my_client_vpn",
      "provider": "provider[\"registry.terraform.io/hashicorp/aws\"]",
      "instances": [
        {
          "schema_version": 0,
          "attributes": {
            "arn": "arn:aws:ec2:ap-south-1:447568380028:client-vpn-endpoint/cvpn-endpoint-0618fb33c1374d7b2",
            "authentication_options": [
              {
                "active_directory_id": "",
                "root_certificate_chain_arn": "arn:aws:acm:ap-south-1:447568380028:certificate/f621d63d-5f98-4b03-92d3-fc1fdaa6f585",
                "saml_provider_arn": "",
                "self_service_saml_provider_arn": "",
                "type": "certificate-authentication"
              }
            ],
            "client_cidr_block": "10.0.0.0/16",
            "client_connect_options": [
              {
                "enabled": false,
                "lambda_function_arn": ""
              }
            ],
            "client_login_banner_options": [
              {
                "banner_text": "",
                "enabled": false
              }
            ],
            "connection_log_options": [
              {
                "cloudwatch_log_group": "",
                "cloudwatch_log_stream": "",
                "enabled": false
              }
            ],
            "description": "",
            "dns_name": "*.cvpn-endpoint-0618fb33c1374d7b2.prod.clientvpn.ap-south-1.amazonaws.com",
            "dns_servers": null,
            "id": "cvpn-endpoint-0618fb33c1374d7b2",
            "security_group_ids": [
              "sg-0d7482849c013a691"
            ],
            "self_service_portal": "disabled",
            "self_service_portal_url": "",
            "server_certificate_arn": "arn:aws:acm:ap-south-1:447568380028:certificate/f621d63d-5f98-4b03-92d3-fc1fdaa6f585",
            "session_timeout_hours": 24,
            "split_tunnel": true,
            "tags": {
              "Name": "SIG_Point_to_Site"
            },
            "tags_all": {
              "Name": "SIG_Point_to_Site"
            },
            "transport_protocol": "udp",
            "vpc_id": "vpc-0e06b9cf919b3066c",
            "vpn_port": 443
          },
          "sensitive_attributes": [],
          "private": "bnVsbA==",
          "dependencies": [
            "aws_vpc.SIG_hub"
          ]
        }
      ]
    },
    {
      "mode": "managed",
      "type": "aws_ec2_client_vpn_network_association",
      "name": "my_network_association",
      "provider": "provider[\"registry.terraform.io/hashicorp/aws\"]",
      "instances": [
        {
          "status": "tainted",
          "schema_version": 0,
          "attributes": {
            "association_id": null,
            "client_vpn_endpoint_id": "cvpn-endpoint-0618fb33c1374d7b2",
            "id": "cvpn-assoc-00f42fc12ad968752",
            "subnet_id": "subnet-0cc6c6813fa060afa",
            "timeouts": null,
            "vpc_id": null
          },
          "sensitive_attributes": [],
          "private": "eyJlMmJmYjczMC1lY2FhLTExZTYtOGY4OC0zNDM2M2JjN2M0YzAiOnsiY3JlYXRlIjoxODAwMDAwMDAwMDAwLCJkZWxldGUiOjE4MDAwMDAwMDAwMDB9fQ==",
          "dependencies": [
            "aws_ec2_client_vpn_endpoint.my_client_vpn",
            "aws_subnet.SIG_management_subnet",
            "aws_vpc.SIG_hub"
          ]
        }
      ]
    },
    {
      "mode": "managed",
      "type": "aws_ec2_client_vpn_route",
      "name": "spoke_route",
      "provider": "provider[\"registry.terraform.io/hashicorp/aws\"]",
      "instances": [
        {
          "status": "tainted",
          "schema_version": 0,
          "attributes": {
            "client_vpn_endpoint_id": "cvpn-endpoint-0618fb33c1374d7b2",
            "description": null,
            "destination_cidr_block": "192.168.136.0/24",
            "id": "cvpn-endpoint-0618fb33c1374d7b2,subnet-0cc6c6813fa060afa,192.168.136.0/24",
            "origin": null,
            "target_vpc_subnet_id": "subnet-0cc6c6813fa060afa",
            "timeouts": null,
            "type": null
          },
          "sensitive_attributes": [],
          "private": "eyJlMmJmYjczMC1lY2FhLTExZTYtOGY4OC0zNDM2M2JjN2M0YzAiOnsiY3JlYXRlIjoyNDAwMDAwMDAwMDAsImRlbGV0ZSI6MjQwMDAwMDAwMDAwfX0=",
          "dependencies": [
            "aws_ec2_client_vpn_endpoint.my_client_vpn",
            "aws_subnet.SIG_management_subnet",
            "aws_vpc.SIG_hub",
            "aws_vpc.SIG_spoke"
          ]
        }
      ]
    },
    {
      "mode": "managed",
      "type": "aws_internet_gateway",
      "name": "SIG_igw",
      "provider": "provider[\"registry.terraform.io/hashicorp/aws\"]",
      "instances": [
        {
          "schema_version": 0,
          "attributes": {
            "arn": "arn:aws:ec2:ap-south-1:447568380028:internet-gateway/igw-05171cdd31f6a5199",
            "id": "igw-05171cdd31f6a5199",
            "owner_id": "447568380028",
            "tags": {
              "Name": "SIG_igw"
            },
            "tags_all": {
              "Name": "SIG_igw"
            },
            "timeouts": null,
            "vpc_id": "vpc-0617694a8fa9d7cbd"
          },
          "sensitive_attributes": [],
          "private": "eyJlMmJmYjczMC1lY2FhLTExZTYtOGY4OC0zNDM2M2JjN2M0YzAiOnsiY3JlYXRlIjoxMjAwMDAwMDAwMDAwLCJkZWxldGUiOjEyMDAwMDAwMDAwMDAsInVwZGF0ZSI6MTIwMDAwMDAwMDAwMH19",
          "dependencies": [
            "aws_vpc.SIG_spoke"
          ]
        }
      ]
    },
    {
      "mode": "managed",
      "type": "aws_route",
      "name": "hub_to_spoke",
      "provider": "provider[\"registry.terraform.io/hashicorp/aws\"]",
      "instances": [
        {
          "schema_version": 0,
          "attributes": {
            "carrier_gateway_id": "",
            "core_network_arn": "",
            "destination_cidr_block": "192.168.136.0/24",
            "destination_ipv6_cidr_block": "",
            "destination_prefix_list_id": "",
            "egress_only_gateway_id": "",
            "gateway_id": "",
            "id": "r-rtb-09d970f0ca939a63d129650253",
            "instance_id": "",
            "instance_owner_id": "",
            "local_gateway_id": "",
            "nat_gateway_id": "",
            "network_interface_id": "",
            "origin": "CreateRoute",
            "route_table_id": "rtb-09d970f0ca939a63d",
            "state": "active",
            "timeouts": null,
            "transit_gateway_id": "",
            "vpc_endpoint_id": "",
            "vpc_peering_connection_id": "pcx-0cb4744df096ff673"
          },
          "sensitive_attributes": [],
          "private": "eyJlMmJmYjczMC1lY2FhLTExZTYtOGY4OC0zNDM2M2JjN2M0YzAiOnsiY3JlYXRlIjozMDAwMDAwMDAwMDAsImRlbGV0ZSI6MzAwMDAwMDAwMDAwLCJ1cGRhdGUiOjEyMDAwMDAwMDAwMH19",
          "dependencies": [
            "aws_vpc.SIG_hub",
            "aws_vpc.SIG_spoke",
            "aws_vpc_peering_connection.SIG_spoke_and_hub"
          ]
        }
      ]
    },
    {
      "mode": "managed",
      "type": "aws_route",
      "name": "spoke_to_hub",
      "provider": "provider[\"registry.terraform.io/hashicorp/aws\"]",
      "instances": [
        {
          "schema_version": 0,
          "attributes": {
            "carrier_gateway_id": "",
            "core_network_arn": "",
            "destination_cidr_block": "172.17.42.0/24",
            "destination_ipv6_cidr_block": "",
            "destination_prefix_list_id": "",
            "egress_only_gateway_id": "",
            "gateway_id": "",
            "id": "r-rtb-012272bac5f147c2b191045509",
            "instance_id": "",
            "instance_owner_id": "",
            "local_gateway_id": "",
            "nat_gateway_id": "",
            "network_interface_id": "",
            "origin": "CreateRoute",
            "route_table_id": "rtb-012272bac5f147c2b",
            "state": "active",
            "timeouts": null,
            "transit_gateway_id": "",
            "vpc_endpoint_id": "",
            "vpc_peering_connection_id": "pcx-0cb4744df096ff673"
          },
          "sensitive_attributes": [],
          "private": "eyJlMmJmYjczMC1lY2FhLTExZTYtOGY4OC0zNDM2M2JjN2M0YzAiOnsiY3JlYXRlIjozMDAwMDAwMDAwMDAsImRlbGV0ZSI6MzAwMDAwMDAwMDAwLCJ1cGRhdGUiOjEyMDAwMDAwMDAwMH19",
          "dependencies": [
            "aws_vpc.SIG_hub",
            "aws_vpc.SIG_spoke",
            "aws_vpc_peering_connection.SIG_spoke_and_hub"
          ]
        }
      ]
    },
    {
      "mode": "managed",
      "type": "aws_route",
      "name": "spoke_to_internet",
      "provider": "provider[\"registry.terraform.io/hashicorp/aws\"]",
      "instances": [
        {
          "schema_version": 0,
          "attributes": {
            "carrier_gateway_id": "",
            "core_network_arn": "",
            "destination_cidr_block": "0.0.0.0/0",
            "destination_ipv6_cidr_block": "",
            "destination_prefix_list_id": "",
            "egress_only_gateway_id": "",
            "gateway_id": "igw-05171cdd31f6a5199",
            "id": "r-rtb-012272bac5f147c2b1080289494",
            "instance_id": "",
            "instance_owner_id": "",
            "local_gateway_id": "",
            "nat_gateway_id": "",
            "network_interface_id": "",
            "origin": "CreateRoute",
            "route_table_id": "rtb-012272bac5f147c2b",
            "state": "active",
            "timeouts": null,
            "transit_gateway_id": "",
            "vpc_endpoint_id": "",
            "vpc_peering_connection_id": ""
          },
          "sensitive_attributes": [],
          "private": "eyJlMmJmYjczMC1lY2FhLTExZTYtOGY4OC0zNDM2M2JjN2M0YzAiOnsiY3JlYXRlIjozMDAwMDAwMDAwMDAsImRlbGV0ZSI6MzAwMDAwMDAwMDAwLCJ1cGRhdGUiOjEyMDAwMDAwMDAwMH19",
          "dependencies": [
            "aws_internet_gateway.SIG_igw",
            "aws_vpc.SIG_spoke"
          ]
        }
      ]
    },
    {
      "mode": "managed",
      "type": "aws_route_table_association",
      "name": "hub_management_subnet_association",
      "provider": "provider[\"registry.terraform.io/hashicorp/aws\"]",
      "instances": [
        {
          "schema_version": 0,
          "attributes": {
            "gateway_id": "",
            "id": "rtbassoc-0a66cf3382fd03e3d",
            "route_table_id": "rtb-09d970f0ca939a63d",
            "subnet_id": "subnet-0cc6c6813fa060afa",
            "timeouts": null
          },
          "sensitive_attributes": [],
          "private": "eyJlMmJmYjczMC1lY2FhLTExZTYtOGY4OC0zNDM2M2JjN2M0YzAiOnsiY3JlYXRlIjozMDAwMDAwMDAwMDAsImRlbGV0ZSI6MzAwMDAwMDAwMDAwLCJ1cGRhdGUiOjEyMDAwMDAwMDAwMH19",
          "dependencies": [
            "aws_subnet.SIG_management_subnet",
            "aws_vpc.SIG_hub",
            "data.aws_vpc.hub_vpc"
          ]
        }
      ]
    },
    {
      "mode": "managed",
      "type": "aws_route_table_association",
      "name": "spoke_production_subnet_association",
      "provider": "provider[\"registry.terraform.io/hashicorp/aws\"]",
      "instances": [
        {
          "schema_version": 0,
          "attributes": {
            "gateway_id": "",
            "id": "rtbassoc-08466cee09ebccf42",
            "route_table_id": "rtb-012272bac5f147c2b",
            "subnet_id": "subnet-08f404e9b3ab9a5fc",
            "timeouts": null
          },
          "sensitive_attributes": [],
          "private": "eyJlMmJmYjczMC1lY2FhLTExZTYtOGY4OC0zNDM2M2JjN2M0YzAiOnsiY3JlYXRlIjozMDAwMDAwMDAwMDAsImRlbGV0ZSI6MzAwMDAwMDAwMDAwLCJ1cGRhdGUiOjEyMDAwMDAwMDAwMH19",
          "dependencies": [
            "aws_subnet.SIG_production_subnet",
            "aws_vpc.SIG_spoke",
            "data.aws_vpc.spoke_vpc"
          ]
        }
      ]
    },
    {
      "mode": "managed",
      "type": "aws_security_group",
      "name": "SIG_hub_sg",
      "provider": "provider[\"registry.terraform.io/hashicorp/aws\"]",
      "instances": [
        {
          "schema_version": 1,
          "attributes": {
            "arn": "arn:aws:ec2:ap-south-1:447568380028:security-group/sg-09633c9820a89e3d2",
            "description": "Security group for SIG EC2 instances",
            "egress": [
              {
                "cidr_blocks": [
                  "0.0.0.0/0"
                ],
                "description": "",
                "from_port": 0,
                "ipv6_cidr_blocks": [],
                "prefix_list_ids": [],
                "protocol": "-1",
                "security_groups": [],
                "self": false,
                "to_port": 0
              }
            ],
            "id": "sg-09633c9820a89e3d2",
            "ingress": [
              {
                "cidr_blocks": [
                  "0.0.0.0/0"
                ],
                "description": "",
                "from_port": -1,
                "ipv6_cidr_blocks": [],
                "prefix_list_ids": [],
                "protocol": "icmp",
                "security_groups": [],
                "self": false,
                "to_port": -1
              },
              {
                "cidr_blocks": [
                  "0.0.0.0/0"
                ],
                "description": "",
                "from_port": 22,
                "ipv6_cidr_blocks": [],
                "prefix_list_ids": [],
                "protocol": "tcp",
                "security_groups": [],
                "self": false,
                "to_port": 22
              }
            ],
            "name": "SIG-sg",
            "name_prefix": "",
            "owner_id": "447568380028",
            "revoke_rules_on_delete": false,
            "tags": null,
            "tags_all": {},
            "timeouts": null,
            "vpc_id": "vpc-0e06b9cf919b3066c"
          },
          "sensitive_attributes": [],
          "private": "eyJlMmJmYjczMC1lY2FhLTExZTYtOGY4OC0zNDM2M2JjN2M0YzAiOnsiY3JlYXRlIjo2MDAwMDAwMDAwMDAsImRlbGV0ZSI6OTAwMDAwMDAwMDAwfSwic2NoZW1hX3ZlcnNpb24iOiIxIn0=",
          "dependencies": [
            "aws_vpc.SIG_hub"
          ]
        }
      ]
    },
    {
      "mode": "managed",
      "type": "aws_security_group",
      "name": "SIG_spoke_sg",
      "provider": "provider[\"registry.terraform.io/hashicorp/aws\"]",
      "instances": [
        {
          "schema_version": 1,
          "attributes": {
            "arn": "arn:aws:ec2:ap-south-1:447568380028:security-group/sg-0fd33be9acd09e30f",
            "description": "Security group for SIG EC2 instances",
            "egress": [
              {
                "cidr_blocks": [
                  "0.0.0.0/0"
                ],
                "description": "",
                "from_port": 0,
                "ipv6_cidr_blocks": [],
                "prefix_list_ids": [],
                "protocol": "-1",
                "security_groups": [],
                "self": false,
                "to_port": 0
              }
            ],
            "id": "sg-0fd33be9acd09e30f",
            "ingress": [
              {
                "cidr_blocks": [
                  "0.0.0.0/0"
                ],
                "description": "",
                "from_port": -1,
                "ipv6_cidr_blocks": [],
                "prefix_list_ids": [],
                "protocol": "icmp",
                "security_groups": [],
                "self": false,
                "to_port": -1
              },
              {
                "cidr_blocks": [
                  "0.0.0.0/0"
                ],
                "description": "",
                "from_port": 22,
                "ipv6_cidr_blocks": [],
                "prefix_list_ids": [],
                "protocol": "tcp",
                "security_groups": [],
                "self": false,
                "to_port": 22
              }
            ],
            "name": "SIG-sg",
            "name_prefix": "",
            "owner_id": "447568380028",
            "revoke_rules_on_delete": false,
            "tags": null,
            "tags_all": {},
            "timeouts": null,
            "vpc_id": "vpc-0617694a8fa9d7cbd"
          },
          "sensitive_attributes": [],
          "private": "eyJlMmJmYjczMC1lY2FhLTExZTYtOGY4OC0zNDM2M2JjN2M0YzAiOnsiY3JlYXRlIjo2MDAwMDAwMDAwMDAsImRlbGV0ZSI6OTAwMDAwMDAwMDAwfSwic2NoZW1hX3ZlcnNpb24iOiIxIn0=",
          "dependencies": [
            "aws_vpc.SIG_spoke"
          ]
        }
      ]
    },
    {
      "mode": "managed",
      "type": "aws_subnet",
      "name": "SIG_management_subnet",
      "provider": "provider[\"registry.terraform.io/hashicorp/aws\"]",
      "instances": [
        {
          "schema_version": 1,
          "attributes": {
            "arn": "arn:aws:ec2:ap-south-1:447568380028:subnet/subnet-0cc6c6813fa060afa",
            "assign_ipv6_address_on_creation": false,
            "availability_zone": "ap-south-1b",
            "availability_zone_id": "aps1-az3",
            "cidr_block": "172.17.42.0/27",
            "customer_owned_ipv4_pool": "",
            "enable_dns64": false,
            "enable_lni_at_device_index": 0,
            "enable_resource_name_dns_a_record_on_launch": false,
            "enable_resource_name_dns_aaaa_record_on_launch": false,
            "id": "subnet-0cc6c6813fa060afa",
            "ipv6_cidr_block": "",
            "ipv6_cidr_block_association_id": "",
            "ipv6_native": false,
            "map_customer_owned_ip_on_launch": false,
            "map_public_ip_on_launch": true,
            "outpost_arn": "",
            "owner_id": "447568380028",
            "private_dns_hostname_type_on_launch": "ip-name",
            "tags": {
              "Name": "SIG_management_subnet"
            },
            "tags_all": {
              "Name": "SIG_management_subnet"
            },
            "timeouts": null,
            "vpc_id": "vpc-0e06b9cf919b3066c"
          },
          "sensitive_attributes": [],
          "private": "eyJlMmJmYjczMC1lY2FhLTExZTYtOGY4OC0zNDM2M2JjN2M0YzAiOnsiY3JlYXRlIjo2MDAwMDAwMDAwMDAsImRlbGV0ZSI6MTIwMDAwMDAwMDAwMH0sInNjaGVtYV92ZXJzaW9uIjoiMSJ9",
          "dependencies": [
            "aws_vpc.SIG_hub"
          ]
        }
      ]
    },
    {
      "mode": "managed",
      "type": "aws_subnet",
      "name": "SIG_production_subnet",
      "provider": "provider[\"registry.terraform.io/hashicorp/aws\"]",
      "instances": [
        {
          "schema_version": 1,
          "attributes": {
            "arn": "arn:aws:ec2:ap-south-1:447568380028:subnet/subnet-08f404e9b3ab9a5fc",
            "assign_ipv6_address_on_creation": false,
            "availability_zone": "ap-south-1a",
            "availability_zone_id": "aps1-az1",
            "cidr_block": "192.168.136.0/26",
            "customer_owned_ipv4_pool": "",
            "enable_dns64": false,
            "enable_lni_at_device_index": 0,
            "enable_resource_name_dns_a_record_on_launch": false,
            "enable_resource_name_dns_aaaa_record_on_launch": false,
            "id": "subnet-08f404e9b3ab9a5fc",
            "ipv6_cidr_block": "",
            "ipv6_cidr_block_association_id": "",
            "ipv6_native": false,
            "map_customer_owned_ip_on_launch": false,
            "map_public_ip_on_launch": true,
            "outpost_arn": "",
            "owner_id": "447568380028",
            "private_dns_hostname_type_on_launch": "ip-name",
            "tags": {
              "Name": "SIG_production_subnet"
            },
            "tags_all": {
              "Name": "SIG_production_subnet"
            },
            "timeouts": null,
            "vpc_id": "vpc-0617694a8fa9d7cbd"
          },
          "sensitive_attributes": [],
          "private": "eyJlMmJmYjczMC1lY2FhLTExZTYtOGY4OC0zNDM2M2JjN2M0YzAiOnsiY3JlYXRlIjo2MDAwMDAwMDAwMDAsImRlbGV0ZSI6MTIwMDAwMDAwMDAwMH0sInNjaGVtYV92ZXJzaW9uIjoiMSJ9",
          "dependencies": [
            "aws_vpc.SIG_spoke"
          ]
        }
      ]
    },
    {
      "mode": "managed",
      "type": "aws_vpc",
      "name": "SIG_hub",
      "provider": "provider[\"registry.terraform.io/hashicorp/aws\"]",
      "instances": [
        {
          "schema_version": 1,
          "attributes": {
            "arn": "arn:aws:ec2:ap-south-1:447568380028:vpc/vpc-0e06b9cf919b3066c",
            "assign_generated_ipv6_cidr_block": false,
            "cidr_block": "172.17.42.0/24",
            "default_network_acl_id": "acl-0be4d0f106296f3d4",
            "default_route_table_id": "rtb-09d970f0ca939a63d",
            "default_security_group_id": "sg-0d7482849c013a691",
            "dhcp_options_id": "dopt-09be6c31f24423402",
            "enable_dns_hostnames": false,
            "enable_dns_support": true,
            "enable_network_address_usage_metrics": false,
            "id": "vpc-0e06b9cf919b3066c",
            "instance_tenancy": "default",
            "ipv4_ipam_pool_id": null,
            "ipv4_netmask_length": null,
            "ipv6_association_id": "",
            "ipv6_cidr_block": "",
            "ipv6_cidr_block_network_border_group": "",
            "ipv6_ipam_pool_id": "",
            "ipv6_netmask_length": 0,
            "main_route_table_id": "rtb-09d970f0ca939a63d",
            "owner_id": "447568380028",
            "tags": {
              "Name": "SIG_hub"
            },
            "tags_all": {
              "Name": "SIG_hub"
            }
          },
          "sensitive_attributes": [],
          "private": "eyJzY2hlbWFfdmVyc2lvbiI6IjEifQ=="
        }
      ]
    },
    {
      "mode": "managed",
      "type": "aws_vpc",
      "name": "SIG_spoke",
      "provider": "provider[\"registry.terraform.io/hashicorp/aws\"]",
      "instances": [
        {
          "schema_version": 1,
          "attributes": {
            "arn": "arn:aws:ec2:ap-south-1:447568380028:vpc/vpc-0617694a8fa9d7cbd",
            "assign_generated_ipv6_cidr_block": false,
            "cidr_block": "192.168.136.0/24",
            "default_network_acl_id": "acl-0f751994f8274f738",
            "default_route_table_id": "rtb-012272bac5f147c2b",
            "default_security_group_id": "sg-013460423d6ee0659",
            "dhcp_options_id": "dopt-09be6c31f24423402",
            "enable_dns_hostnames": false,
            "enable_dns_support": true,
            "enable_network_address_usage_metrics": false,
            "id": "vpc-0617694a8fa9d7cbd",
            "instance_tenancy": "default",
            "ipv4_ipam_pool_id": null,
            "ipv4_netmask_length": null,
            "ipv6_association_id": "",
            "ipv6_cidr_block": "",
            "ipv6_cidr_block_network_border_group": "",
            "ipv6_ipam_pool_id": "",
            "ipv6_netmask_length": 0,
            "main_route_table_id": "rtb-012272bac5f147c2b",
            "owner_id": "447568380028",
            "tags": {
              "Name": "SIG_spoke"
            },
            "tags_all": {
              "Name": "SIG_spoke"
            }
          },
          "sensitive_attributes": [],
          "private": "eyJzY2hlbWFfdmVyc2lvbiI6IjEifQ=="
        }
      ]
    },
    {
      "mode": "managed",
      "type": "aws_vpc_peering_connection",
      "name": "SIG_spoke_and_hub",
      "provider": "provider[\"registry.terraform.io/hashicorp/aws\"]",
      "instances": [
        {
          "schema_version": 0,
          "attributes": {
            "accept_status": "pending-acceptance",
            "accepter": [],
            "auto_accept": null,
            "id": "pcx-0cb4744df096ff673",
            "peer_owner_id": "447568380028",
            "peer_region": "ap-south-1",
            "peer_vpc_id": "vpc-0e06b9cf919b3066c",
            "requester": [
              {
                "allow_remote_vpc_dns_resolution": false
              }
            ],
            "tags": {
              "Name": "SIG_spoke_and_hub"
            },
            "tags_all": {
              "Name": "SIG_spoke_and_hub"
            },
            "timeouts": null,
            "vpc_id": "vpc-0617694a8fa9d7cbd"
          },
          "sensitive_attributes": [],
          "private": "eyJlMmJmYjczMC1lY2FhLTExZTYtOGY4OC0zNDM2M2JjN2M0YzAiOnsiY3JlYXRlIjo2MDAwMDAwMDAwMCwiZGVsZXRlIjo2MDAwMDAwMDAwMCwidXBkYXRlIjo2MDAwMDAwMDAwMH19",
          "dependencies": [
            "aws_vpc.SIG_hub",
            "aws_vpc.SIG_spoke"
          ]
        }
      ]
    },
    {
      "mode": "managed",
      "type": "aws_vpc_peering_connection_accepter",
      "name": "SIG_spoke_and_hub_accepter",
      "provider": "provider[\"registry.terraform.io/hashicorp/aws\"]",
      "instances": [
        {
          "schema_version": 0,
          "attributes": {
            "accept_status": "active",
            "accepter": [
              {
                "allow_remote_vpc_dns_resolution": false
              }
            ],
            "auto_accept": true,
            "id": "pcx-0cb4744df096ff673",
            "peer_owner_id": "447568380028",
            "peer_region": "ap-south-1",
            "peer_vpc_id": "vpc-0e06b9cf919b3066c",
            "requester": [
              {
                "allow_remote_vpc_dns_resolution": false
              }
            ],
            "tags": {
              "Name": "SIG_spoke_and_hub"
            },
            "tags_all": {
              "Name": "SIG_spoke_and_hub"
            },
            "timeouts": null,
            "vpc_id": "vpc-0617694a8fa9d7cbd",
            "vpc_peering_connection_id": "pcx-0cb4744df096ff673"
          },
          "sensitive_attributes": [],
          "private": "eyJlMmJmYjczMC1lY2FhLTExZTYtOGY4OC0zNDM2M2JjN2M0YzAiOnsiY3JlYXRlIjo2MDAwMDAwMDAwMCwidXBkYXRlIjo2MDAwMDAwMDAwMH19",
          "dependencies": [
            "aws_vpc.SIG_hub",
            "aws_vpc.SIG_spoke",
            "aws_vpc_peering_connection.SIG_spoke_and_hub"
          ]
        }
      ]
    }
  ],
  "check_results": null
}
